// !$*UTF8*$!
{
	archiveVersion = 1;
	classes = {
	};
	objectVersion = 52;
	objects = {

/* Begin PBXBuildFile section */
		D9391F592522560500CDCF60 /* SideBarNavigation.swift in Sources */ = {isa = PBXBuildFile; fileRef = D9391F582522560500CDCF60 /* SideBarNavigation.swift */; };
		D9391F5A2522560500CDCF60 /* SideBarNavigation.swift in Sources */ = {isa = PBXBuildFile; fileRef = D9391F582522560500CDCF60 /* SideBarNavigation.swift */; };
		D9391F5C2522561600CDCF60 /* TabNavigation.swift in Sources */ = {isa = PBXBuildFile; fileRef = D9391F5B2522561600CDCF60 /* TabNavigation.swift */; };
		D9391F5E2522574200CDCF60 /* PacketsView.swift in Sources */ = {isa = PBXBuildFile; fileRef = D9391F5D2522574200CDCF60 /* PacketsView.swift */; };
		D9391F602522585E00CDCF60 /* AutomationsView.swift in Sources */ = {isa = PBXBuildFile; fileRef = D9391F5F2522585E00CDCF60 /* AutomationsView.swift */; };
		D9391F612522585E00CDCF60 /* AutomationsView.swift in Sources */ = {isa = PBXBuildFile; fileRef = D9391F5F2522585E00CDCF60 /* AutomationsView.swift */; };
		D9391F622522586300CDCF60 /* PacketsView.swift in Sources */ = {isa = PBXBuildFile; fileRef = D9391F5D2522574200CDCF60 /* PacketsView.swift */; };
		D9456C2E258E41EF0084620E /* OSCKit in Frameworks */ = {isa = PBXBuildFile; productRef = D9456C2D258E41EF0084620E /* OSCKit */; };
		D9456C95258E6B7A0084620E /* TailwindCSSColors in Frameworks */ = {isa = PBXBuildFile; productRef = D9456C94258E6B7A0084620E /* TailwindCSSColors */; };
		D9AF07C2252254CD00B2693B /* Tests_iOS.swift in Sources */ = {isa = PBXBuildFile; fileRef = D9AF07C1252254CD00B2693B /* Tests_iOS.swift */; };
		D9AF07CD252254CD00B2693B /* Tests_macOS.swift in Sources */ = {isa = PBXBuildFile; fileRef = D9AF07CC252254CD00B2693B /* Tests_macOS.swift */; };
		D9AF07CF252254CD00B2693B /* PtolemyApp.swift in Sources */ = {isa = PBXBuildFile; fileRef = D9AF07A6252254CC00B2693B /* PtolemyApp.swift */; };
		D9AF07D0252254CD00B2693B /* PtolemyApp.swift in Sources */ = {isa = PBXBuildFile; fileRef = D9AF07A6252254CC00B2693B /* PtolemyApp.swift */; };
		D9AF07D1252254CD00B2693B /* ContentView.swift in Sources */ = {isa = PBXBuildFile; fileRef = D9AF07A7252254CC00B2693B /* ContentView.swift */; };
		D9AF07D2252254CD00B2693B /* ContentView.swift in Sources */ = {isa = PBXBuildFile; fileRef = D9AF07A7252254CC00B2693B /* ContentView.swift */; };
		D9AF07D3252254CD00B2693B /* Assets.xcassets in Resources */ = {isa = PBXBuildFile; fileRef = D9AF07A8252254CD00B2693B /* Assets.xcassets */; };
		D9AF07D4252254CD00B2693B /* Assets.xcassets in Resources */ = {isa = PBXBuildFile; fileRef = D9AF07A8252254CD00B2693B /* Assets.xcassets */; };
/* End PBXBuildFile section */

/* Begin PBXContainerItemProxy section */
		D9AF07BE252254CD00B2693B /* PBXContainerItemProxy */ = {
			isa = PBXContainerItemProxy;
			containerPortal = D9AF07A1252254CC00B2693B /* Project object */;
			proxyType = 1;
			remoteGlobalIDString = D9AF07AC252254CD00B2693B;
			remoteInfo = "Ptolemy (iOS)";
		};
		D9AF07C9252254CD00B2693B /* PBXContainerItemProxy */ = {
			isa = PBXContainerItemProxy;
			containerPortal = D9AF07A1252254CC00B2693B /* Project object */;
			proxyType = 1;
			remoteGlobalIDString = D9AF07B4252254CD00B2693B;
			remoteInfo = "Ptolemy (macOS)";
		};
/* End PBXContainerItemProxy section */

/* Begin PBXFileReference section */
		D9391F582522560500CDCF60 /* SideBarNavigation.swift */ = {isa = PBXFileReference; lastKnownFileType = sourcecode.swift; path = SideBarNavigation.swift; sourceTree = "<group>"; };
		D9391F5B2522561600CDCF60 /* TabNavigation.swift */ = {isa = PBXFileReference; lastKnownFileType = sourcecode.swift; path = TabNavigation.swift; sourceTree = "<group>"; };
		D9391F5D2522574200CDCF60 /* PacketsView.swift */ = {isa = PBXFileReference; lastKnownFileType = sourcecode.swift; path = PacketsView.swift; sourceTree = "<group>"; };
		D9391F5F2522585E00CDCF60 /* AutomationsView.swift */ = {isa = PBXFileReference; lastKnownFileType = sourcecode.swift; path = AutomationsView.swift; sourceTree = "<group>"; };
		D9AF07A6252254CC00B2693B /* PtolemyApp.swift */ = {isa = PBXFileReference; lastKnownFileType = sourcecode.swift; path = PtolemyApp.swift; sourceTree = "<group>"; };
		D9AF07A7252254CC00B2693B /* ContentView.swift */ = {isa = PBXFileReference; lastKnownFileType = sourcecode.swift; path = ContentView.swift; sourceTree = "<group>"; };
		D9AF07A8252254CD00B2693B /* Assets.xcassets */ = {isa = PBXFileReference; lastKnownFileType = folder.assetcatalog; path = Assets.xcassets; sourceTree = "<group>"; };
		D9AF07AD252254CD00B2693B /* Ptolemy.app */ = {isa = PBXFileReference; explicitFileType = wrapper.application; includeInIndex = 0; path = Ptolemy.app; sourceTree = BUILT_PRODUCTS_DIR; };
		D9AF07B0252254CD00B2693B /* Info.plist */ = {isa = PBXFileReference; lastKnownFileType = text.plist.xml; path = Info.plist; sourceTree = "<group>"; };
		D9AF07B5252254CD00B2693B /* Ptolemy.app */ = {isa = PBXFileReference; explicitFileType = wrapper.application; includeInIndex = 0; path = Ptolemy.app; sourceTree = BUILT_PRODUCTS_DIR; };
		D9AF07B7252254CD00B2693B /* Info.plist */ = {isa = PBXFileReference; lastKnownFileType = text.plist.xml; path = Info.plist; sourceTree = "<group>"; };
		D9AF07B8252254CD00B2693B /* macOS.entitlements */ = {isa = PBXFileReference; lastKnownFileType = text.plist.entitlements; path = macOS.entitlements; sourceTree = "<group>"; };
		D9AF07BD252254CD00B2693B /* Tests iOS.xctest */ = {isa = PBXFileReference; explicitFileType = wrapper.cfbundle; includeInIndex = 0; path = "Tests iOS.xctest"; sourceTree = BUILT_PRODUCTS_DIR; };
		D9AF07C1252254CD00B2693B /* Tests_iOS.swift */ = {isa = PBXFileReference; lastKnownFileType = sourcecode.swift; path = Tests_iOS.swift; sourceTree = "<group>"; };
		D9AF07C3252254CD00B2693B /* Info.plist */ = {isa = PBXFileReference; lastKnownFileType = text.plist.xml; path = Info.plist; sourceTree = "<group>"; };
		D9AF07C8252254CD00B2693B /* Tests macOS.xctest */ = {isa = PBXFileReference; explicitFileType = wrapper.cfbundle; includeInIndex = 0; path = "Tests macOS.xctest"; sourceTree = BUILT_PRODUCTS_DIR; };
		D9AF07CC252254CD00B2693B /* Tests_macOS.swift */ = {isa = PBXFileReference; lastKnownFileType = sourcecode.swift; path = Tests_macOS.swift; sourceTree = "<group>"; };
		D9AF07CE252254CD00B2693B /* Info.plist */ = {isa = PBXFileReference; lastKnownFileType = text.plist.xml; path = Info.plist; sourceTree = "<group>"; };
/* End PBXFileReference section */

/* Begin PBXFrameworksBuildPhase section */
		D9AF07AA252254CD00B2693B /* Frameworks */ = {
			isa = PBXFrameworksBuildPhase;
			buildActionMask = 2147483647;
			files = (
				D9456C95258E6B7A0084620E /* TailwindCSSColors in Frameworks */,
				D9456C2E258E41EF0084620E /* OSCKit in Frameworks */,
			);
			runOnlyForDeploymentPostprocessing = 0;
		};
		D9AF07B2252254CD00B2693B /* Frameworks */ = {
			isa = PBXFrameworksBuildPhase;
			buildActionMask = 2147483647;
			files = (
			);
			runOnlyForDeploymentPostprocessing = 0;
		};
		D9AF07BA252254CD00B2693B /* Frameworks */ = {
			isa = PBXFrameworksBuildPhase;
			buildActionMask = 2147483647;
			files = (
			);
			runOnlyForDeploymentPostprocessing = 0;
		};
		D9AF07C5252254CD00B2693B /* Frameworks */ = {
			isa = PBXFrameworksBuildPhase;
			buildActionMask = 2147483647;
			files = (
			);
			runOnlyForDeploymentPostprocessing = 0;
		};
/* End PBXFrameworksBuildPhase section */

/* Begin PBXGroup section */
		D91B056C253B8713007AADD1 /* Frameworks */ = {
			isa = PBXGroup;
			children = (
			);
			name = Frameworks;
			sourceTree = "<group>";
		};
		D9AF07A0252254CC00B2693B = {
			isa = PBXGroup;
			children = (
				D9AF07A5252254CC00B2693B /* Shared */,
				D9AF07AF252254CD00B2693B /* iOS */,
				D9AF07B6252254CD00B2693B /* macOS */,
				D9AF07C0252254CD00B2693B /* Tests iOS */,
				D9AF07CB252254CD00B2693B /* Tests macOS */,
				D9AF07AE252254CD00B2693B /* Products */,
				D91B056C253B8713007AADD1 /* Frameworks */,
			);
			sourceTree = "<group>";
		};
		D9AF07A5252254CC00B2693B /* Shared */ = {
			isa = PBXGroup;
			children = (
				D9AF07A6252254CC00B2693B /* PtolemyApp.swift */,
				D9AF07A7252254CC00B2693B /* ContentView.swift */,
				D9AF07A8252254CD00B2693B /* Assets.xcassets */,
				D9391F582522560500CDCF60 /* SideBarNavigation.swift */,
				D9391F5D2522574200CDCF60 /* PacketsView.swift */,
				D9391F5F2522585E00CDCF60 /* AutomationsView.swift */,
			);
			path = Shared;
			sourceTree = "<group>";
		};
		D9AF07AE252254CD00B2693B /* Products */ = {
			isa = PBXGroup;
			children = (
				D9AF07AD252254CD00B2693B /* Ptolemy.app */,
				D9AF07B5252254CD00B2693B /* Ptolemy.app */,
				D9AF07BD252254CD00B2693B /* Tests iOS.xctest */,
				D9AF07C8252254CD00B2693B /* Tests macOS.xctest */,
			);
			name = Products;
			sourceTree = "<group>";
		};
		D9AF07AF252254CD00B2693B /* iOS */ = {
			isa = PBXGroup;
			children = (
				D9AF07B0252254CD00B2693B /* Info.plist */,
				D9391F5B2522561600CDCF60 /* TabNavigation.swift */,
			);
			path = iOS;
			sourceTree = "<group>";
		};
		D9AF07B6252254CD00B2693B /* macOS */ = {
			isa = PBXGroup;
			children = (
				D9AF07B7252254CD00B2693B /* Info.plist */,
				D9AF07B8252254CD00B2693B /* macOS.entitlements */,
			);
			path = macOS;
			sourceTree = "<group>";
		};
		D9AF07C0252254CD00B2693B /* Tests iOS */ = {
			isa = PBXGroup;
			children = (
				D9AF07C1252254CD00B2693B /* Tests_iOS.swift */,
				D9AF07C3252254CD00B2693B /* Info.plist */,
			);
			path = "Tests iOS";
			sourceTree = "<group>";
		};
		D9AF07CB252254CD00B2693B /* Tests macOS */ = {
			isa = PBXGroup;
			children = (
				D9AF07CC252254CD00B2693B /* Tests_macOS.swift */,
				D9AF07CE252254CD00B2693B /* Info.plist */,
			);
			path = "Tests macOS";
			sourceTree = "<group>";
		};
/* End PBXGroup section */

/* Begin PBXNativeTarget section */
		D9AF07AC252254CD00B2693B /* Ptolemy (iOS) */ = {
			isa = PBXNativeTarget;
			buildConfigurationList = D9AF07D7252254CD00B2693B /* Build configuration list for PBXNativeTarget "Ptolemy (iOS)" */;
			buildPhases = (
				D9AF07A9252254CD00B2693B /* Sources */,
				D9AF07AA252254CD00B2693B /* Frameworks */,
				D9AF07AB252254CD00B2693B /* Resources */,
			);
			buildRules = (
			);
			dependencies = (
			);
			name = "Ptolemy (iOS)";
			packageProductDependencies = (
				D9456C2D258E41EF0084620E /* OSCKit */,
				D9456C94258E6B7A0084620E /* TailwindCSSColors */,
			);
			productName = "Ptolemy (iOS)";
			productReference = D9AF07AD252254CD00B2693B /* Ptolemy.app */;
			productType = "com.apple.product-type.application";
		};
		D9AF07B4252254CD00B2693B /* Ptolemy (macOS) */ = {
			isa = PBXNativeTarget;
			buildConfigurationList = D9AF07DA252254CD00B2693B /* Build configuration list for PBXNativeTarget "Ptolemy (macOS)" */;
			buildPhases = (
				D9AF07B1252254CD00B2693B /* Sources */,
				D9AF07B2252254CD00B2693B /* Frameworks */,
				D9AF07B3252254CD00B2693B /* Resources */,
			);
			buildRules = (
			);
			dependencies = (
			);
			name = "Ptolemy (macOS)";
			productName = "Ptolemy (macOS)";
			productReference = D9AF07B5252254CD00B2693B /* Ptolemy.app */;
			productType = "com.apple.product-type.application";
		};
		D9AF07BC252254CD00B2693B /* Tests iOS */ = {
			isa = PBXNativeTarget;
			buildConfigurationList = D9AF07DD252254CD00B2693B /* Build configuration list for PBXNativeTarget "Tests iOS" */;
			buildPhases = (
				D9AF07B9252254CD00B2693B /* Sources */,
				D9AF07BA252254CD00B2693B /* Frameworks */,
				D9AF07BB252254CD00B2693B /* Resources */,
			);
			buildRules = (
			);
			dependencies = (
				D9AF07BF252254CD00B2693B /* PBXTargetDependency */,
			);
			name = "Tests iOS";
			productName = "Tests iOS";
			productReference = D9AF07BD252254CD00B2693B /* Tests iOS.xctest */;
			productType = "com.apple.product-type.bundle.ui-testing";
		};
		D9AF07C7252254CD00B2693B /* Tests macOS */ = {
			isa = PBXNativeTarget;
			buildConfigurationList = D9AF07E0252254CD00B2693B /* Build configuration list for PBXNativeTarget "Tests macOS" */;
			buildPhases = (
				D9AF07C4252254CD00B2693B /* Sources */,
				D9AF07C5252254CD00B2693B /* Frameworks */,
				D9AF07C6252254CD00B2693B /* Resources */,
			);
			buildRules = (
			);
			dependencies = (
				D9AF07CA252254CD00B2693B /* PBXTargetDependency */,
			);
			name = "Tests macOS";
			productName = "Tests macOS";
			productReference = D9AF07C8252254CD00B2693B /* Tests macOS.xctest */;
			productType = "com.apple.product-type.bundle.ui-testing";
		};
/* End PBXNativeTarget section */

/* Begin PBXProject section */
		D9AF07A1252254CC00B2693B /* Project object */ = {
			isa = PBXProject;
			attributes = {
				LastSwiftUpdateCheck = 1200;
				LastUpgradeCheck = 1230;
				TargetAttributes = {
					D9AF07AC252254CD00B2693B = {
						CreatedOnToolsVersion = 12.0;
					};
					D9AF07B4252254CD00B2693B = {
						CreatedOnToolsVersion = 12.0;
					};
					D9AF07BC252254CD00B2693B = {
						CreatedOnToolsVersion = 12.0;
						TestTargetID = D9AF07AC252254CD00B2693B;
					};
					D9AF07C7252254CD00B2693B = {
						CreatedOnToolsVersion = 12.0;
						TestTargetID = D9AF07B4252254CD00B2693B;
					};
				};
			};
			buildConfigurationList = D9AF07A4252254CC00B2693B /* Build configuration list for PBXProject "Ptolemy" */;
			compatibilityVersion = "Xcode 9.3";
			developmentRegion = en;
			hasScannedForEncodings = 0;
			knownRegions = (
				en,
				Base,
			);
			mainGroup = D9AF07A0252254CC00B2693B;
			packageReferences = (
				D9456C2C258E41EF0084620E /* XCRemoteSwiftPackageReference "OSCKit" */,
				D9456C93258E6B7A0084620E /* XCRemoteSwiftPackageReference "TailwindCSSColors" */,
			);
			productRefGroup = D9AF07AE252254CD00B2693B /* Products */;
			projectDirPath = "";
			projectRoot = "";
			targets = (
				D9AF07AC252254CD00B2693B /* Ptolemy (iOS) */,
				D9AF07B4252254CD00B2693B /* Ptolemy (macOS) */,
				D9AF07BC252254CD00B2693B /* Tests iOS */,
				D9AF07C7252254CD00B2693B /* Tests macOS */,
			);
		};
/* End PBXProject section */

/* Begin PBXResourcesBuildPhase section */
		D9AF07AB252254CD00B2693B /* Resources */ = {
			isa = PBXResourcesBuildPhase;
			buildActionMask = 2147483647;
			files = (
				D9AF07D3252254CD00B2693B /* Assets.xcassets in Resources */,
			);
			runOnlyForDeploymentPostprocessing = 0;
		};
		D9AF07B3252254CD00B2693B /* Resources */ = {
			isa = PBXResourcesBuildPhase;
			buildActionMask = 2147483647;
			files = (
				D9AF07D4252254CD00B2693B /* Assets.xcassets in Resources */,
			);
			runOnlyForDeploymentPostprocessing = 0;
		};
		D9AF07BB252254CD00B2693B /* Resources */ = {
			isa = PBXResourcesBuildPhase;
			buildActionMask = 2147483647;
			files = (
			);
			runOnlyForDeploymentPostprocessing = 0;
		};
		D9AF07C6252254CD00B2693B /* Resources */ = {
			isa = PBXResourcesBuildPhase;
			buildActionMask = 2147483647;
			files = (
			);
			runOnlyForDeploymentPostprocessing = 0;
		};
/* End PBXResourcesBuildPhase section */

/* Begin PBXSourcesBuildPhase section */
		D9AF07A9252254CD00B2693B /* Sources */ = {
			isa = PBXSourcesBuildPhase;
			buildActionMask = 2147483647;
			files = (
				D9391F602522585E00CDCF60 /* AutomationsView.swift in Sources */,
				D9391F592522560500CDCF60 /* SideBarNavigation.swift in Sources */,
				D9391F5C2522561600CDCF60 /* TabNavigation.swift in Sources */,
				D9391F5E2522574200CDCF60 /* PacketsView.swift in Sources */,
				D9AF07D1252254CD00B2693B /* ContentView.swift in Sources */,
				D9AF07CF252254CD00B2693B /* PtolemyApp.swift in Sources */,
			);
			runOnlyForDeploymentPostprocessing = 0;
		};
		D9AF07B1252254CD00B2693B /* Sources */ = {
			isa = PBXSourcesBuildPhase;
			buildActionMask = 2147483647;
			files = (
				D9391F612522585E00CDCF60 /* AutomationsView.swift in Sources */,
				D9391F5A2522560500CDCF60 /* SideBarNavigation.swift in Sources */,
				D9391F622522586300CDCF60 /* PacketsView.swift in Sources */,
				D9AF07D2252254CD00B2693B /* ContentView.swift in Sources */,
				D9AF07D0252254CD00B2693B /* PtolemyApp.swift in Sources */,
			);
			runOnlyForDeploymentPostprocessing = 0;
		};
		D9AF07B9252254CD00B2693B /* Sources */ = {
			isa = PBXSourcesBuildPhase;
			buildActionMask = 2147483647;
			files = (
				D9AF07C2252254CD00B2693B /* Tests_iOS.swift in Sources */,
			);
			runOnlyForDeploymentPostprocessing = 0;
		};
		D9AF07C4252254CD00B2693B /* Sources */ = {
			isa = PBXSourcesBuildPhase;
			buildActionMask = 2147483647;
			files = (
				D9AF07CD252254CD00B2693B /* Tests_macOS.swift in Sources */,
			);
			runOnlyForDeploymentPostprocessing = 0;
		};
/* End PBXSourcesBuildPhase section */

/* Begin PBXTargetDependency section */
		D9AF07BF252254CD00B2693B /* PBXTargetDependency */ = {
			isa = PBXTargetDependency;
			target = D9AF07AC252254CD00B2693B /* Ptolemy (iOS) */;
			targetProxy = D9AF07BE252254CD00B2693B /* PBXContainerItemProxy */;
		};
		D9AF07CA252254CD00B2693B /* PBXTargetDependency */ = {
			isa = PBXTargetDependency;
			target = D9AF07B4252254CD00B2693B /* Ptolemy (macOS) */;
			targetProxy = D9AF07C9252254CD00B2693B /* PBXContainerItemProxy */;
		};
/* End PBXTargetDependency section */

/* Begin XCBuildConfiguration section */
		D9AF07D5252254CD00B2693B /* Debug */ = {
			isa = XCBuildConfiguration;
			buildSettings = {
				ALWAYS_SEARCH_USER_PATHS = NO;
				CLANG_ANALYZER_NONNULL = YES;
				CLANG_ANALYZER_NUMBER_OBJECT_CONVERSION = YES_AGGRESSIVE;
				CLANG_CXX_LANGUAGE_STANDARD = "gnu++14";
				CLANG_CXX_LIBRARY = "libc++";
				CLANG_ENABLE_MODULES = YES;
				CLANG_ENABLE_OBJC_ARC = YES;
				CLANG_ENABLE_OBJC_WEAK = YES;
				CLANG_WARN_BLOCK_CAPTURE_AUTORELEASING = YES;
				CLANG_WARN_BOOL_CONVERSION = YES;
				CLANG_WARN_COMMA = YES;
				CLANG_WARN_CONSTANT_CONVERSION = YES;
				CLANG_WARN_DEPRECATED_OBJC_IMPLEMENTATIONS = YES;
				CLANG_WARN_DIRECT_OBJC_ISA_USAGE = YES_ERROR;
				CLANG_WARN_DOCUMENTATION_COMMENTS = YES;
				CLANG_WARN_EMPTY_BODY = YES;
				CLANG_WARN_ENUM_CONVERSION = YES;
				CLANG_WARN_INFINITE_RECURSION = YES;
				CLANG_WARN_INT_CONVERSION = YES;
				CLANG_WARN_NON_LITERAL_NULL_CONVERSION = YES;
				CLANG_WARN_OBJC_IMPLICIT_RETAIN_SELF = YES;
				CLANG_WARN_OBJC_LITERAL_CONVERSION = YES;
				CLANG_WARN_OBJC_ROOT_CLASS = YES_ERROR;
				CLANG_WARN_QUOTED_INCLUDE_IN_FRAMEWORK_HEADER = YES;
				CLANG_WARN_RANGE_LOOP_ANALYSIS = YES;
				CLANG_WARN_STRICT_PROTOTYPES = YES;
				CLANG_WARN_SUSPICIOUS_MOVE = YES;
				CLANG_WARN_UNGUARDED_AVAILABILITY = YES_AGGRESSIVE;
				CLANG_WARN_UNREACHABLE_CODE = YES;
				CLANG_WARN__DUPLICATE_METHOD_MATCH = YES;
				COPY_PHASE_STRIP = NO;
				DEBUG_INFORMATION_FORMAT = dwarf;
				ENABLE_STRICT_OBJC_MSGSEND = YES;
				ENABLE_TESTABILITY = YES;
				GCC_C_LANGUAGE_STANDARD = gnu11;
				GCC_DYNAMIC_NO_PIC = NO;
				GCC_NO_COMMON_BLOCKS = YES;
				GCC_OPTIMIZATION_LEVEL = 0;
				GCC_PREPROCESSOR_DEFINITIONS = (
					"DEBUG=1",
					"$(inherited)",
				);
				GCC_WARN_64_TO_32_BIT_CONVERSION = YES;
				GCC_WARN_ABOUT_RETURN_TYPE = YES_ERROR;
				GCC_WARN_UNDECLARED_SELECTOR = YES;
				GCC_WARN_UNINITIALIZED_AUTOS = YES_AGGRESSIVE;
				GCC_WARN_UNUSED_FUNCTION = YES;
				GCC_WARN_UNUSED_VARIABLE = YES;
				MTL_ENABLE_DEBUG_INFO = INCLUDE_SOURCE;
				MTL_FAST_MATH = YES;
				ONLY_ACTIVE_ARCH = YES;
				SWIFT_ACTIVE_COMPILATION_CONDITIONS = DEBUG;
				SWIFT_OPTIMIZATION_LEVEL = "-Onone";
			};
			name = Debug;
		};
		D9AF07D6252254CD00B2693B /* Release */ = {
			isa = XCBuildConfiguration;
			buildSettings = {
				ALWAYS_SEARCH_USER_PATHS = NO;
				CLANG_ANALYZER_NONNULL = YES;
				CLANG_ANALYZER_NUMBER_OBJECT_CONVERSION = YES_AGGRESSIVE;
				CLANG_CXX_LANGUAGE_STANDARD = "gnu++14";
				CLANG_CXX_LIBRARY = "libc++";
				CLANG_ENABLE_MODULES = YES;
				CLANG_ENABLE_OBJC_ARC = YES;
				CLANG_ENABLE_OBJC_WEAK = YES;
				CLANG_WARN_BLOCK_CAPTURE_AUTORELEASING = YES;
				CLANG_WARN_BOOL_CONVERSION = YES;
				CLANG_WARN_COMMA = YES;
				CLANG_WARN_CONSTANT_CONVERSION = YES;
				CLANG_WARN_DEPRECATED_OBJC_IMPLEMENTATIONS = YES;
				CLANG_WARN_DIRECT_OBJC_ISA_USAGE = YES_ERROR;
				CLANG_WARN_DOCUMENTATION_COMMENTS = YES;
				CLANG_WARN_EMPTY_BODY = YES;
				CLANG_WARN_ENUM_CONVERSION = YES;
				CLANG_WARN_INFINITE_RECURSION = YES;
				CLANG_WARN_INT_CONVERSION = YES;
				CLANG_WARN_NON_LITERAL_NULL_CONVERSION = YES;
				CLANG_WARN_OBJC_IMPLICIT_RETAIN_SELF = YES;
				CLANG_WARN_OBJC_LITERAL_CONVERSION = YES;
				CLANG_WARN_OBJC_ROOT_CLASS = YES_ERROR;
				CLANG_WARN_QUOTED_INCLUDE_IN_FRAMEWORK_HEADER = YES;
				CLANG_WARN_RANGE_LOOP_ANALYSIS = YES;
				CLANG_WARN_STRICT_PROTOTYPES = YES;
				CLANG_WARN_SUSPICIOUS_MOVE = YES;
				CLANG_WARN_UNGUARDED_AVAILABILITY = YES_AGGRESSIVE;
				CLANG_WARN_UNREACHABLE_CODE = YES;
				CLANG_WARN__DUPLICATE_METHOD_MATCH = YES;
				COPY_PHASE_STRIP = NO;
				DEBUG_INFORMATION_FORMAT = "dwarf-with-dsym";
				ENABLE_NS_ASSERTIONS = NO;
				ENABLE_STRICT_OBJC_MSGSEND = YES;
				GCC_C_LANGUAGE_STANDARD = gnu11;
				GCC_NO_COMMON_BLOCKS = YES;
				GCC_WARN_64_TO_32_BIT_CONVERSION = YES;
				GCC_WARN_ABOUT_RETURN_TYPE = YES_ERROR;
				GCC_WARN_UNDECLARED_SELECTOR = YES;
				GCC_WARN_UNINITIALIZED_AUTOS = YES_AGGRESSIVE;
				GCC_WARN_UNUSED_FUNCTION = YES;
				GCC_WARN_UNUSED_VARIABLE = YES;
				MTL_ENABLE_DEBUG_INFO = NO;
				MTL_FAST_MATH = YES;
				SWIFT_COMPILATION_MODE = wholemodule;
				SWIFT_OPTIMIZATION_LEVEL = "-O";
			};
			name = Release;
		};
		D9AF07D8252254CD00B2693B /* Debug */ = {
			isa = XCBuildConfiguration;
			buildSettings = {
				ASSETCATALOG_COMPILER_APPICON_NAME = AppIcon;
				ASSETCATALOG_COMPILER_GLOBAL_ACCENT_COLOR_NAME = AccentColor;
				CODE_SIGN_STYLE = Automatic;
				DEVELOPMENT_TEAM = 2AUEN8L88X;
				ENABLE_PREVIEWS = YES;
				INFOPLIST_FILE = iOS/Info.plist;
				IPHONEOS_DEPLOYMENT_TARGET = 14.0;
				LD_RUNPATH_SEARCH_PATHS = (
					"$(inherited)",
					"@executable_path/Frameworks",
				);
				PRODUCT_BUNDLE_IDENTIFIER = co.uk.artificers.Ptolemy;
				PRODUCT_NAME = Ptolemy;
				SDKROOT = iphoneos;
				SWIFT_VERSION = 5.0;
				TARGETED_DEVICE_FAMILY = "1,2";
			};
			name = Debug;
		};
		D9AF07D9252254CD00B2693B /* Release */ = {
			isa = XCBuildConfiguration;
			buildSettings = {
				ASSETCATALOG_COMPILER_APPICON_NAME = AppIcon;
				ASSETCATALOG_COMPILER_GLOBAL_ACCENT_COLOR_NAME = AccentColor;
				CODE_SIGN_STYLE = Automatic;
				DEVELOPMENT_TEAM = 2AUEN8L88X;
				ENABLE_PREVIEWS = YES;
				INFOPLIST_FILE = iOS/Info.plist;
				IPHONEOS_DEPLOYMENT_TARGET = 14.0;
				LD_RUNPATH_SEARCH_PATHS = (
					"$(inherited)",
					"@executable_path/Frameworks",
				);
				PRODUCT_BUNDLE_IDENTIFIER = co.uk.artificers.Ptolemy;
				PRODUCT_NAME = Ptolemy;
				SDKROOT = iphoneos;
				SWIFT_VERSION = 5.0;
				TARGETED_DEVICE_FAMILY = "1,2";
				VALIDATE_PRODUCT = YES;
			};
			name = Release;
		};
		D9AF07DB252254CD00B2693B /* Debug */ = {
			isa = XCBuildConfiguration;
			buildSettings = {
				ASSETCATALOG_COMPILER_APPICON_NAME = AppIcon;
				ASSETCATALOG_COMPILER_GLOBAL_ACCENT_COLOR_NAME = AccentColor;
				CODE_SIGN_ENTITLEMENTS = macOS/macOS.entitlements;
				CODE_SIGN_IDENTITY = "-";
				CODE_SIGN_STYLE = Automatic;
				COMBINE_HIDPI_IMAGES = YES;
				DEVELOPMENT_TEAM = 2AUEN8L88X;
				ENABLE_HARDENED_RUNTIME = YES;
				ENABLE_PREVIEWS = YES;
				INFOPLIST_FILE = macOS/Info.plist;
				LD_RUNPATH_SEARCH_PATHS = (
					"$(inherited)",
					"@executable_path/../Frameworks",
				);
				MACOSX_DEPLOYMENT_TARGET = 11.0;
				PRODUCT_BUNDLE_IDENTIFIER = co.uk.artificers.Ptolemy;
				PRODUCT_NAME = Ptolemy;
				SDKROOT = macosx;
				SWIFT_VERSION = 5.0;
			};
			name = Debug;
		};
		D9AF07DC252254CD00B2693B /* Release */ = {
			isa = XCBuildConfiguration;
			buildSettings = {
				ASSETCATALOG_COMPILER_APPICON_NAME = AppIcon;
				ASSETCATALOG_COMPILER_GLOBAL_ACCENT_COLOR_NAME = AccentColor;
				CODE_SIGN_ENTITLEMENTS = macOS/macOS.entitlements;
				CODE_SIGN_IDENTITY = "-";
				CODE_SIGN_STYLE = Automatic;
				COMBINE_HIDPI_IMAGES = YES;
				DEVELOPMENT_TEAM = 2AUEN8L88X;
				ENABLE_HARDENED_RUNTIME = YES;
				ENABLE_PREVIEWS = YES;
				INFOPLIST_FILE = macOS/Info.plist;
				LD_RUNPATH_SEARCH_PATHS = (
					"$(inherited)",
					"@executable_path/../Frameworks",
				);
				MACOSX_DEPLOYMENT_TARGET = 11.0;
				PRODUCT_BUNDLE_IDENTIFIER = co.uk.artificers.Ptolemy;
				PRODUCT_NAME = Ptolemy;
				SDKROOT = macosx;
				SWIFT_VERSION = 5.0;
			};
			name = Release;
		};
		D9AF07DE252254CD00B2693B /* Debug */ = {
			isa = XCBuildConfiguration;
			buildSettings = {
				ALWAYS_EMBED_SWIFT_STANDARD_LIBRARIES = YES;
				CODE_SIGN_STYLE = Automatic;
				DEVELOPMENT_TEAM = 2AUEN8L88X;
				INFOPLIST_FILE = "Tests iOS/Info.plist";
				IPHONEOS_DEPLOYMENT_TARGET = 14.0;
				LD_RUNPATH_SEARCH_PATHS = (
					"$(inherited)",
					"@executable_path/Frameworks",
					"@loader_path/Frameworks",
				);
				PRODUCT_BUNDLE_IDENTIFIER = "co.uk.artificers.Tests-iOS";
				PRODUCT_NAME = "$(TARGET_NAME)";
				SDKROOT = iphoneos;
				SWIFT_VERSION = 5.0;
				TARGETED_DEVICE_FAMILY = "1,2";
				TEST_TARGET_NAME = "Ptolemy (iOS)";
			};
			name = Debug;
		};
		D9AF07DF252254CD00B2693B /* Release */ = {
			isa = XCBuildConfiguration;
			buildSettings = {
				ALWAYS_EMBED_SWIFT_STANDARD_LIBRARIES = YES;
				CODE_SIGN_STYLE = Automatic;
				DEVELOPMENT_TEAM = 2AUEN8L88X;
				INFOPLIST_FILE = "Tests iOS/Info.plist";
				IPHONEOS_DEPLOYMENT_TARGET = 14.0;
				LD_RUNPATH_SEARCH_PATHS = (
					"$(inherited)",
					"@executable_path/Frameworks",
					"@loader_path/Frameworks",
				);
				PRODUCT_BUNDLE_IDENTIFIER = "co.uk.artificers.Tests-iOS";
				PRODUCT_NAME = "$(TARGET_NAME)";
				SDKROOT = iphoneos;
				SWIFT_VERSION = 5.0;
				TARGETED_DEVICE_FAMILY = "1,2";
				TEST_TARGET_NAME = "Ptolemy (iOS)";
				VALIDATE_PRODUCT = YES;
			};
			name = Release;
		};
		D9AF07E1252254CD00B2693B /* Debug */ = {
			isa = XCBuildConfiguration;
			buildSettings = {
				ALWAYS_EMBED_SWIFT_STANDARD_LIBRARIES = YES;
				CODE_SIGN_STYLE = Automatic;
				COMBINE_HIDPI_IMAGES = YES;
				DEVELOPMENT_TEAM = 2AUEN8L88X;
				INFOPLIST_FILE = "Tests macOS/Info.plist";
				LD_RUNPATH_SEARCH_PATHS = (
					"$(inherited)",
					"@executable_path/../Frameworks",
					"@loader_path/../Frameworks",
				);
				MACOSX_DEPLOYMENT_TARGET = 10.15;
				PRODUCT_BUNDLE_IDENTIFIER = "co.uk.artificers.Tests-macOS";
				PRODUCT_NAME = "$(TARGET_NAME)";
				SDKROOT = macosx;
				SWIFT_VERSION = 5.0;
				TEST_TARGET_NAME = "Ptolemy (macOS)";
			};
			name = Debug;
		};
		D9AF07E2252254CD00B2693B /* Release */ = {
			isa = XCBuildConfiguration;
			buildSettings = {
				ALWAYS_EMBED_SWIFT_STANDARD_LIBRARIES = YES;
				CODE_SIGN_STYLE = Automatic;
				COMBINE_HIDPI_IMAGES = YES;
				DEVELOPMENT_TEAM = 2AUEN8L88X;
				INFOPLIST_FILE = "Tests macOS/Info.plist";
				LD_RUNPATH_SEARCH_PATHS = (
					"$(inherited)",
					"@executable_path/../Frameworks",
					"@loader_path/../Frameworks",
				);
				MACOSX_DEPLOYMENT_TARGET = 10.15;
				PRODUCT_BUNDLE_IDENTIFIER = "co.uk.artificers.Tests-macOS";
				PRODUCT_NAME = "$(TARGET_NAME)";
				SDKROOT = macosx;
				SWIFT_VERSION = 5.0;
				TEST_TARGET_NAME = "Ptolemy (macOS)";
			};
			name = Release;
		};
/* End XCBuildConfiguration section */

/* Begin XCConfigurationList section */
		D9AF07A4252254CC00B2693B /* Build configuration list for PBXProject "Ptolemy" */ = {
			isa = XCConfigurationList;
			buildConfigurations = (
				D9AF07D5252254CD00B2693B /* Debug */,
				D9AF07D6252254CD00B2693B /* Release */,
			);
			defaultConfigurationIsVisible = 0;
			defaultConfigurationName = Release;
		};
		D9AF07D7252254CD00B2693B /* Build configuration list for PBXNativeTarget "Ptolemy (iOS)" */ = {
			isa = XCConfigurationList;
			buildConfigurations = (
				D9AF07D8252254CD00B2693B /* Debug */,
				D9AF07D9252254CD00B2693B /* Release */,
			);
			defaultConfigurationIsVisible = 0;
			defaultConfigurationName = Release;
		};
		D9AF07DA252254CD00B2693B /* Build configuration list for PBXNativeTarget "Ptolemy (macOS)" */ = {
			isa = XCConfigurationList;
			buildConfigurations = (
				D9AF07DB252254CD00B2693B /* Debug */,
				D9AF07DC252254CD00B2693B /* Release */,
			);
			defaultConfigurationIsVisible = 0;
			defaultConfigurationName = Release;
		};
		D9AF07DD252254CD00B2693B /* Build configuration list for PBXNativeTarget "Tests iOS" */ = {
			isa = XCConfigurationList;
			buildConfigurations = (
				D9AF07DE252254CD00B2693B /* Debug */,
				D9AF07DF252254CD00B2693B /* Release */,
			);
			defaultConfigurationIsVisible = 0;
			defaultConfigurationName = Release;
		};
		D9AF07E0252254CD00B2693B /* Build configuration list for PBXNativeTarget "Tests macOS" */ = {
			isa = XCConfigurationList;
			buildConfigurations = (
				D9AF07E1252254CD00B2693B /* Debug */,
				D9AF07E2252254CD00B2693B /* Release */,
			);
			defaultConfigurationIsVisible = 0;
			defaultConfigurationName = Release;
		};
/* End XCConfigurationList section */

/* Begin XCRemoteSwiftPackageReference section */
		D9456C2C258E41EF0084620E /* XCRemoteSwiftPackageReference "OSCKit" */ = {
			isa = XCRemoteSwiftPackageReference;
			repositoryURL = "https://github.com/SammySmallman/OSCKit";
			requirement = {
				kind = upToNextMajorVersion;
				minimumVersion = 2.1.0;
			};
		};
		D9456C93258E6B7A0084620E /* XCRemoteSwiftPackageReference "TailwindCSSColors" */ = {
			isa = XCRemoteSwiftPackageReference;
			repositoryURL = "https://github.com/sammysmallman/TailwindCSSColors";
			requirement = {
				kind = upToNextMajorVersion;
				minimumVersion = 2.0.0;
			};
		};
/* End XCRemoteSwiftPackageReference section */

/* Begin XCSwiftPackageProductDependency section */
		D9456C2D258E41EF0084620E /* OSCKit */ = {
			isa = XCSwiftPackageProductDependency;
			package = D9456C2C258E41EF0084620E /* XCRemoteSwiftPackageReference "OSCKit" */;
			productName = OSCKit;
		};
		D9456C94258E6B7A0084620E /* TailwindCSSColors */ = {
			isa = XCSwiftPackageProductDependency;
			package = D9456C93258E6B7A0084620E /* XCRemoteSwiftPackageReference "TailwindCSSColors" */;
			productName = TailwindCSSColors;
		};
/* End XCSwiftPackageProductDependency section */
	};
	rootObject = D9AF07A1252254CC00B2693B /* Project object */;
}
